# herdr-lazy lock — resolved plugin set at last sync.
# Each `owner/repo@commit` reproduces exactly via `plugin install --ref`.
# Commits come from herdr's own `source.resolved_commit`.

smarzban/herdr-file-viewer@96fcc0a2bdd2727ec88c38f8c8806f97b7ca0ea0
natori-hrj/herdr-lazy@e10c36bd5cf8efd68d0e6445a32207e30306e990
